
Microsoft Visual Studio Solution File, Format Version 12.00
# Visual Studio Version 16
VisualStudioVersion = 16.0.29519.161
MinimumVisualStudioVersion = 10.0.40219.1
Project("{FAE04EC0-301F-11D3-BF4B-00C04F79EFBC}") = "Veritabani_proje_Sonn", "Veritabani_proje_Sonn\Veritabani_proje_Sonn.csproj", "{9C89A3A2-58AB-4784-AA80-1D64C00255CD}"
EndProject
Global
	GlobalSection(SolutionConfigurationPlatforms) = preSolution
		Debug|Any CPU = Debug|Any CPU
		Release|Any CPU = Release|Any CPU
	EndGlobalSection
	GlobalSection(ProjectConfigurationPlatforms) = postSolution
		{9C89A3A2-58AB-4784-AA80-1D64C00255CD}.Debug|Any CPU.ActiveCfg = Debug|Any CPU
		{9C89A3A2-58AB-4784-AA80-1D64C00255CD}.Debug|Any CPU.Build.0 = Debug|Any CPU
		{9C89A3A2-58AB-4784-AA80-1D64C00255CD}.Release|Any CPU.ActiveCfg = Release|Any CPU
		{9C89A3A2-58AB-4784-AA80-1D64C00255CD}.Release|Any CPU.Build.0 = Release|Any CPU
	EndGlobalSection
	GlobalSection(SolutionProperties) = preSolution
		HideSolutionNode = FALSE
	EndGlobalSection
	GlobalSection(ExtensibilityGlobals) = postSolution
		SolutionGuid = {9A57FB0D-A0BC-4F58-B558-9A647FA5749D}
	EndGlobalSection
EndGlobal
